
Microsoft Visual Studio Solution File, Format Version 12.00
# Visual Studio Version 17
VisualStudioVersion = 17.6.33829.357
MinimumVisualStudioVersion = 10.0.40219.1
Project("{6EC3EE1D-3C4E-46DD-8F32-0CC8E7565705}") = "FlangeAssemblyBOM", "FlangeAssemblyBOM\FlangeAssemblyBOM.fsproj", "{15C924B9-26FE-4DFC-83E5-B3CA17B0D67F}"
EndProject
Project("{F2A71F9B-5D33-465A-A702-920D77279786}") = "FlangeAssemblyBOM.Test", "FlangeAssemblyBOM.Test\FlangeAssemblyBOM.Test.fsproj", "{61D9BF68-8F5A-486A-A566-634DD1A57AFE}"
EndProject
Global
	GlobalSection(SolutionConfigurationPlatforms) = preSolution
		Debug|Any CPU = Debug|Any CPU
		Release|Any CPU = Release|Any CPU
	EndGlobalSection
	GlobalSection(ProjectConfigurationPlatforms) = postSolution
		{15C924B9-26FE-4DFC-83E5-B3CA17B0D67F}.Debug|Any CPU.ActiveCfg = Debug|Any CPU
		{15C924B9-26FE-4DFC-83E5-B3CA17B0D67F}.Debug|Any CPU.Build.0 = Debug|Any CPU
		{15C924B9-26FE-4DFC-83E5-B3CA17B0D67F}.Release|Any CPU.ActiveCfg = Release|Any CPU
		{15C924B9-26FE-4DFC-83E5-B3CA17B0D67F}.Release|Any CPU.Build.0 = Release|Any CPU
		{61D9BF68-8F5A-486A-A566-634DD1A57AFE}.Debug|Any CPU.ActiveCfg = Debug|Any CPU
		{61D9BF68-8F5A-486A-A566-634DD1A57AFE}.Debug|Any CPU.Build.0 = Debug|Any CPU
		{61D9BF68-8F5A-486A-A566-634DD1A57AFE}.Release|Any CPU.ActiveCfg = Release|Any CPU
		{61D9BF68-8F5A-486A-A566-634DD1A57AFE}.Release|Any CPU.Build.0 = Release|Any CPU
	EndGlobalSection
	GlobalSection(SolutionProperties) = preSolution
		HideSolutionNode = FALSE
	EndGlobalSection
	GlobalSection(ExtensibilityGlobals) = postSolution
		SolutionGuid = {DFEAA29E-0AEE-4103-A968-4C7845A77BC3}
	EndGlobalSection
EndGlobal
